
Microsoft Visual Studio Solution File, Format Version 12.00
# Visual Studio Version 17
VisualStudioVersion = 17.14.36717.8 d17.14
MinimumVisualStudioVersion = 10.0.40219.1
Project("{FAE04EC0-301F-11D3-BF4B-00C04F79EFBC}") = "UnitConverter", "UnitConverter.csproj", "{D910C927-9A67-49E8-8409-23FC7A7D428D}"
EndProject
Global
	GlobalSection(SolutionConfigurationPlatforms) = preSolution
		Debug|Any CPU = Debug|Any CPU
		Release|Any CPU = Release|Any CPU
	EndGlobalSection
	GlobalSection(ProjectConfigurationPlatforms) = postSolution
		{D910C927-9A67-49E8-8409-23FC7A7D428D}.Debug|Any CPU.ActiveCfg = Debug|Any CPU
		{D910C927-9A67-49E8-8409-23FC7A7D428D}.Debug|Any CPU.Build.0 = Debug|Any CPU
		{D910C927-9A67-49E8-8409-23FC7A7D428D}.Release|Any CPU.ActiveCfg = Release|Any CPU
		{D910C927-9A67-49E8-8409-23FC7A7D428D}.Release|Any CPU.Build.0 = Release|Any CPU
	EndGlobalSection
	GlobalSection(SolutionProperties) = preSolution
		HideSolutionNode = FALSE
	EndGlobalSection
	GlobalSection(ExtensibilityGlobals) = postSolution
		SolutionGuid = {B8EA6772-7765-481B-B5AC-7093B47C937A}
	EndGlobalSection
EndGlobal
